
Microsoft Visual Studio Solution File, Format Version 12.00
# Visual Studio Version 17
VisualStudioVersion = 17.9.34728.123
MinimumVisualStudioVersion = 10.0.40219.1
Project("{9A19103F-16F7-4668-BE54-9A1E7A4F7556}") = "Data", "Data\Data.csproj", "{8CEE3319-F571-4E4C-93BB-26B68D97C5CC}"
EndProject
Project("{9A19103F-16F7-4668-BE54-9A1E7A4F7556}") = "ApplicationServices", "ApplicationServices\ApplicationServices.csproj", "{0C4E41D4-0004-4970-BE13-ECFF03D968F7}"
EndProject
Project("{9A19103F-16F7-4668-BE54-9A1E7A4F7556}") = "WebAPI", "WebAPI\WebAPI.csproj", "{99B10A6E-1ABE-432F-A0DB-B846870D3486}"
EndProject
Project("{FAE04EC0-301F-11D3-BF4B-00C04F79EFBC}") = "WebClient", "WebClient\WebClient.csproj", "{F79C766A-6A06-4A8C-883E-82C541977358}"
EndProject
Global
	GlobalSection(SolutionConfigurationPlatforms) = preSolution
		Debug|Any CPU = Debug|Any CPU
		Release|Any CPU = Release|Any CPU
	EndGlobalSection
	GlobalSection(ProjectConfigurationPlatforms) = postSolution
		{8CEE3319-F571-4E4C-93BB-26B68D97C5CC}.Debug|Any CPU.ActiveCfg = Debug|Any CPU
		{8CEE3319-F571-4E4C-93BB-26B68D97C5CC}.Debug|Any CPU.Build.0 = Debug|Any CPU
		{8CEE3319-F571-4E4C-93BB-26B68D97C5CC}.Release|Any CPU.ActiveCfg = Release|Any CPU
		{8CEE3319-F571-4E4C-93BB-26B68D97C5CC}.Release|Any CPU.Build.0 = Release|Any CPU
		{0C4E41D4-0004-4970-BE13-ECFF03D968F7}.Debug|Any CPU.ActiveCfg = Debug|Any CPU
		{0C4E41D4-0004-4970-BE13-ECFF03D968F7}.Debug|Any CPU.Build.0 = Debug|Any CPU
		{0C4E41D4-0004-4970-BE13-ECFF03D968F7}.Release|Any CPU.ActiveCfg = Release|Any CPU
		{0C4E41D4-0004-4970-BE13-ECFF03D968F7}.Release|Any CPU.Build.0 = Release|Any CPU
		{99B10A6E-1ABE-432F-A0DB-B846870D3486}.Debug|Any CPU.ActiveCfg = Debug|Any CPU
		{99B10A6E-1ABE-432F-A0DB-B846870D3486}.Debug|Any CPU.Build.0 = Debug|Any CPU
		{99B10A6E-1ABE-432F-A0DB-B846870D3486}.Release|Any CPU.ActiveCfg = Release|Any CPU
		{99B10A6E-1ABE-432F-A0DB-B846870D3486}.Release|Any CPU.Build.0 = Release|Any CPU
		{F79C766A-6A06-4A8C-883E-82C541977358}.Debug|Any CPU.ActiveCfg = Debug|Any CPU
		{F79C766A-6A06-4A8C-883E-82C541977358}.Debug|Any CPU.Build.0 = Debug|Any CPU
		{F79C766A-6A06-4A8C-883E-82C541977358}.Release|Any CPU.ActiveCfg = Release|Any CPU
		{F79C766A-6A06-4A8C-883E-82C541977358}.Release|Any CPU.Build.0 = Release|Any CPU
	EndGlobalSection
	GlobalSection(SolutionProperties) = preSolution
		HideSolutionNode = FALSE
	EndGlobalSection
	GlobalSection(ExtensibilityGlobals) = postSolution
		SolutionGuid = {136A22E8-D8B3-4307-A188-0FB6A80E29E9}
	EndGlobalSection
EndGlobal
